
Microsoft Visual Studio Solution File, Format Version 12.00
# Visual Studio Version 17
VisualStudioVersion = 17.14.36518.9
MinimumVisualStudioVersion = 10.0.40219.1
Project("{2150E333-8FDC-42A3-9474-1A3956D46DE8}") = "Task0", "Task0", "{02EA681E-C7D8-13C7-8484-4AC65E1B71E8}"
EndProject
Project("{2150E333-8FDC-42A3-9474-1A3956D46DE8}") = "Task1", "Task1", "{C61A9DB6-6BB4-4CE6-A04D-D76D7516B3EE}"
EndProject
Project("{2150E333-8FDC-42A3-9474-1A3956D46DE8}") = "Task2", "Task2", "{39E1111B-2F3D-4196-B936-B6A2084F6EA4}"
EndProject
Project("{2150E333-8FDC-42A3-9474-1A3956D46DE8}") = "Task3", "Task3", "{6CBF1A48-2B9B-44F4-8907-756F1DC500D2}"
EndProject
Project("{2150E333-8FDC-42A3-9474-1A3956D46DE8}") = "Task4", "Task4", "{51E6CDE2-A239-42DE-B62D-003DC734C532}"
EndProject
Project("{2150E333-8FDC-42A3-9474-1A3956D46DE8}") = "Task5", "Task5", "{2650ED53-D0B2-4E1B-ACBD-9D2E5517466E}"
EndProject
Project("{2150E333-8FDC-42A3-9474-1A3956D46DE8}") = "Task6", "Task6", "{D447E352-1B7B-4C34-9A27-21F4D7416BE8}"
EndProject
Project("{2150E333-8FDC-42A3-9474-1A3956D46DE8}") = "Task7", "Task7", "{C8822BBA-A5DB-4DB8-8EA9-97577BE83053}"
EndProject
Project("{FAE04EC0-301F-11D3-BF4B-00C04F79EFBC}") = "Tyuiu.AngeliA.Sprint6.Task0.V1", "Tyuiu.AngeliA.Sprint6.Task0.V1\Tyuiu.AngeliA.Sprint6.Task0.V1.csproj", "{44987843-C2B5-4B27-B0D1-8199CA99FEAF}"
EndProject
Project("{FAE04EC0-301F-11D3-BF4B-00C04F79EFBC}") = "Tyuiu.AngeliA.Sprint6.Task0.V1.Test", "Tyuiu.AngeliA.Sprint6.Task0.V1.Test\Tyuiu.AngeliA.Sprint6.Task0.V1.Test.csproj", "{221ADAE5-1EF0-4D6A-8443-4144E32A477B}"
EndProject
Project("{FAE04EC0-301F-11D3-BF4B-00C04F79EFBC}") = "Tyuiu.AngeliA.Sprint6.Task0.V1.Lib", "Tyuiu.AngeliA.Sprint6.Task0.V1.Lib\Tyuiu.AngeliA.Sprint6.Task0.V1.Lib.csproj", "{03439D8D-EB86-4557-8883-20796B4FC636}"
EndProject
Project("{FAE04EC0-301F-11D3-BF4B-00C04F79EFBC}") = "Tyuiu.AngeliA.Sprint6.Task1.V27.Test", "Tyuiu.AngeliA.Sprint6.Task1.V27.Test\Tyuiu.AngeliA.Sprint6.Task1.V27.Test.csproj", "{349F31B2-2656-4B55-9E0B-AB6393DEF52C}"
EndProject
Project("{FAE04EC0-301F-11D3-BF4B-00C04F79EFBC}") = "Tyuiu.AngeliA.Sprint6.Task1.V27.Lib", "Tyuiu.AngeliA.Sprint6.Task1.V27.Lib\Tyuiu.AngeliA.Sprint6.Task1.V27.Lib.csproj", "{7B2E82A9-0FEA-4FA9-B789-79B727C24C5A}"
EndProject
Project("{FAE04EC0-301F-11D3-BF4B-00C04F79EFBC}") = "Tyuiu.AngeliA.Sprint6.Task2.V26", "Tyuiu.AngeliA.Sprint6.Task2.V26\Tyuiu.AngeliA.Sprint6.Task2.V26.csproj", "{95FE0578-FE2B-4FBD-B263-C5F47FC1601C}"
EndProject
Project("{FAE04EC0-301F-11D3-BF4B-00C04F79EFBC}") = "Tyuiu.AngeliA.Sprint6.Task2.V26.Test", "Tyuiu.AngeliA.Sprint6.Task2.V26.Test\Tyuiu.AngeliA.Sprint6.Task2.V26.Test.csproj", "{E19C7444-9DD5-4344-BB9B-7ACFAA6102A5}"
EndProject
Project("{FAE04EC0-301F-11D3-BF4B-00C04F79EFBC}") = "Tyuiu.AngeliA.Sprint6.Task2.V26.Lib", "Tyuiu.AngeliA.Sprint6.Task2.V26.Lib\Tyuiu.AngeliA.Sprint6.Task2.V26.Lib.csproj", "{9B13303A-17B9-4A76-A92D-7F605C5280DE}"
EndProject
Project("{FAE04EC0-301F-11D3-BF4B-00C04F79EFBC}") = "Tyuiu.AngeliA.Sprint6.Task3.V28", "Tyuiu.AngeliA.Sprint6.Task3.V28\Tyuiu.AngeliA.Sprint6.Task3.V28.csproj", "{940FB816-5695-47BF-805E-A83C2DDF18F6}"
EndProject
Project("{FAE04EC0-301F-11D3-BF4B-00C04F79EFBC}") = "Tyuiu.AngeliA.Sprint6.Task3.V28.Lib", "Tyuiu.AngeliA.Sprint6.Task3.V28.Lib\Tyuiu.AngeliA.Sprint6.Task3.V28.Lib.csproj", "{81BC8558-1BAA-458A-849C-6F7310D8B338}"
EndProject
Project("{FAE04EC0-301F-11D3-BF4B-00C04F79EFBC}") = "Tyuiu.AngeliA.Sprint6.Task3.V28.Test", "Tyuiu.AngeliA.Sprint6.Task3.V28.Test\Tyuiu.AngeliA.Sprint6.Task3.V28.Test.csproj", "{ECAAC529-3131-4303-A192-01AE686ED248}"
EndProject
Project("{FAE04EC0-301F-11D3-BF4B-00C04F79EFBC}") = "Tyuiu.AngeliA.Sprint6.Task1.V27", "Tyuiu.AngeliA.Sprint6.Task1.V27\Tyuiu.AngeliA.Sprint6.Task1.V27.csproj", "{69BB462C-6448-4145-A89E-0418B858766C}"
EndProject
Project("{FAE04EC0-301F-11D3-BF4B-00C04F79EFBC}") = "Tyuiu.AngeliA.Sprint6.Task4.V7", "Tyuiu.AngeliA.Sprint6.Task4.V7\Tyuiu.AngeliA.Sprint6.Task4.V7.csproj", "{9EEA28D0-D5BE-4444-8B14-BD97C4C7C15E}"
EndProject
Project("{FAE04EC0-301F-11D3-BF4B-00C04F79EFBC}") = "Tyuiu.AngeliA.Sprint6.Task4.V7.Test", "Tyuiu.AngeliA.Sprint6.Task4.V7.Test\Tyuiu.AngeliA.Sprint6.Task4.V7.Test.csproj", "{5C62ED41-4A63-4612-80B0-AC3B05C7FD1A}"
EndProject
Project("{FAE04EC0-301F-11D3-BF4B-00C04F79EFBC}") = "Tyuiu.AngeliA.Sprint6.Task4.V7.Lib", "Tyuiu.AngeliA.Sprint6.Task4.V7.Lib\Tyuiu.AngeliA.Sprint6.Task4.V7.Lib.csproj", "{BAA3861F-3E86-404B-98C8-063D23FB77CD}"
EndProject
Project("{FAE04EC0-301F-11D3-BF4B-00C04F79EFBC}") = "Tyuiu.AngeliA.Sprint6.Task5.V17", "Tyuiu.AngeliA.Sprint6.Task5.V17\Tyuiu.AngeliA.Sprint6.Task5.V17.csproj", "{48E189D8-68D4-4EE4-846D-1D719ECE15BE}"
EndProject
Project("{FAE04EC0-301F-11D3-BF4B-00C04F79EFBC}") = "Tyuiu.AngeliA.Sprint6.Task5.V17.Test", "Tyuiu.AngeliA.Sprint6.Task5.V17.Test\Tyuiu.AngeliA.Sprint6.Task5.V17.Test.csproj", "{FD4F6449-03EE-484B-956B-639540189499}"
EndProject
Project("{FAE04EC0-301F-11D3-BF4B-00C04F79EFBC}") = "Tyuiu.AngeliA.Sprint6.Task5.V17.Lib", "Tyuiu.AngeliA.Sprint6.Task5.V17.Lib\Tyuiu.AngeliA.Sprint6.Task5.V17.Lib.csproj", "{847DAEA8-607F-49E1-BEEC-8DAA1D64301F}"
EndProject
Project("{FAE04EC0-301F-11D3-BF4B-00C04F79EFBC}") = "Tyuiu.AngeliA.Sprint6.Task6.V23", "Tyuiu.AngeliA.Sprint6.Task6.V23\Tyuiu.AngeliA.Sprint6.Task6.V23.csproj", "{0EFFA859-5A63-4344-9698-1D0592881043}"
EndProject
Project("{FAE04EC0-301F-11D3-BF4B-00C04F79EFBC}") = "Tyuiu.AngeliA.Sprint6.Task6.V23.Test", "Tyuiu.AngeliA.Sprint6.Task6.V23.Test\Tyuiu.AngeliA.Sprint6.Task6.V23.Test.csproj", "{8BDF8602-B987-4894-98C6-79BEB2FE9A7F}"
EndProject
Project("{FAE04EC0-301F-11D3-BF4B-00C04F79EFBC}") = "Tyuiu.AngeliA.Sprint6.Task6.V23.Lib", "Tyuiu.AngeliA.Sprint6.Task6.V23.Lib\Tyuiu.AngeliA.Sprint6.Task6.V23.Lib.csproj", "{E653AB5D-DBEA-47BC-A3FC-817546E5D097}"
EndProject
Global
	GlobalSection(SolutionConfigurationPlatforms) = preSolution
		Debug|Any CPU = Debug|Any CPU
		Release|Any CPU = Release|Any CPU
	EndGlobalSection
	GlobalSection(ProjectConfigurationPlatforms) = postSolution
		{44987843-C2B5-4B27-B0D1-8199CA99FEAF}.Debug|Any CPU.ActiveCfg = Debug|Any CPU
		{44987843-C2B5-4B27-B0D1-8199CA99FEAF}.Debug|Any CPU.Build.0 = Debug|Any CPU
		{44987843-C2B5-4B27-B0D1-8199CA99FEAF}.Release|Any CPU.ActiveCfg = Release|Any CPU
		{44987843-C2B5-4B27-B0D1-8199CA99FEAF}.Release|Any CPU.Build.0 = Release|Any CPU
		{221ADAE5-1EF0-4D6A-8443-4144E32A477B}.Debug|Any CPU.ActiveCfg = Debug|Any CPU
		{221ADAE5-1EF0-4D6A-8443-4144E32A477B}.Debug|Any CPU.Build.0 = Debug|Any CPU
		{221ADAE5-1EF0-4D6A-8443-4144E32A477B}.Release|Any CPU.ActiveCfg = Release|Any CPU
		{221ADAE5-1EF0-4D6A-8443-4144E32A477B}.Release|Any CPU.Build.0 = Release|Any CPU
		{03439D8D-EB86-4557-8883-20796B4FC636}.Debug|Any CPU.ActiveCfg = Debug|Any CPU
		{03439D8D-EB86-4557-8883-20796B4FC636}.Debug|Any CPU.Build.0 = Debug|Any CPU
		{03439D8D-EB86-4557-8883-20796B4FC636}.Release|Any CPU.ActiveCfg = Release|Any CPU
		{03439D8D-EB86-4557-8883-20796B4FC636}.Release|Any CPU.Build.0 = Release|Any CPU
		{349F31B2-2656-4B55-9E0B-AB6393DEF52C}.Debug|Any CPU.ActiveCfg = Debug|Any CPU
		{349F31B2-2656-4B55-9E0B-AB6393DEF52C}.Debug|Any CPU.Build.0 = Debug|Any CPU
		{349F31B2-2656-4B55-9E0B-AB6393DEF52C}.Release|Any CPU.ActiveCfg = Release|Any CPU
		{349F31B2-2656-4B55-9E0B-AB6393DEF52C}.Release|Any CPU.Build.0 = Release|Any CPU
		{7B2E82A9-0FEA-4FA9-B789-79B727C24C5A}.Debug|Any CPU.ActiveCfg = Debug|Any CPU
		{7B2E82A9-0FEA-4FA9-B789-79B727C24C5A}.Debug|Any CPU.Build.0 = Debug|Any CPU
		{7B2E82A9-0FEA-4FA9-B789-79B727C24C5A}.Release|Any CPU.ActiveCfg = Release|Any CPU
		{7B2E82A9-0FEA-4FA9-B789-79B727C24C5A}.Release|Any CPU.Build.0 = Release|Any CPU
		{95FE0578-FE2B-4FBD-B263-C5F47FC1601C}.Debug|Any CPU.ActiveCfg = Debug|Any CPU
		{95FE0578-FE2B-4FBD-B263-C5F47FC1601C}.Debug|Any CPU.Build.0 = Debug|Any CPU
		{95FE0578-FE2B-4FBD-B263-C5F47FC1601C}.Release|Any CPU.ActiveCfg = Release|Any CPU
		{95FE0578-FE2B-4FBD-B263-C5F47FC1601C}.Release|Any CPU.Build.0 = Release|Any CPU
		{E19C7444-9DD5-4344-BB9B-7ACFAA6102A5}.Debug|Any CPU.ActiveCfg = Debug|Any CPU
		{E19C7444-9DD5-4344-BB9B-7ACFAA6102A5}.Debug|Any CPU.Build.0 = Debug|Any CPU
		{E19C7444-9DD5-4344-BB9B-7ACFAA6102A5}.Release|Any CPU.ActiveCfg = Release|Any CPU
		{E19C7444-9DD5-4344-BB9B-7ACFAA6102A5}.Release|Any CPU.Build.0 = Release|Any CPU
		{9B13303A-17B9-4A76-A92D-7F605C5280DE}.Debug|Any CPU.ActiveCfg = Debug|Any CPU
		{9B13303A-17B9-4A76-A92D-7F605C5280DE}.Debug|Any CPU.Build.0 = Debug|Any CPU
		{9B13303A-17B9-4A76-A92D-7F605C5280DE}.Release|Any CPU.ActiveCfg = Release|Any CPU
		{9B13303A-17B9-4A76-A92D-7F605C5280DE}.Release|Any CPU.Build.0 = Release|Any CPU
		{940FB816-5695-47BF-805E-A83C2DDF18F6}.Debug|Any CPU.ActiveCfg = Debug|Any CPU
		{940FB816-5695-47BF-805E-A83C2DDF18F6}.Debug|Any CPU.Build.0 = Debug|Any CPU
		{940FB816-5695-47BF-805E-A83C2DDF18F6}.Release|Any CPU.ActiveCfg = Release|Any CPU
		{940FB816-5695-47BF-805E-A83C2DDF18F6}.Release|Any CPU.Build.0 = Release|Any CPU
		{81BC8558-1BAA-458A-849C-6F7310D8B338}.Debug|Any CPU.ActiveCfg = Debug|Any CPU
		{81BC8558-1BAA-458A-849C-6F7310D8B338}.Debug|Any CPU.Build.0 = Debug|Any CPU
		{81BC8558-1BAA-458A-849C-6F7310D8B338}.Release|Any CPU.ActiveCfg = Release|Any CPU
		{81BC8558-1BAA-458A-849C-6F7310D8B338}.Release|Any CPU.Build.0 = Release|Any CPU
		{ECAAC529-3131-4303-A192-01AE686ED248}.Debug|Any CPU.ActiveCfg = Debug|Any CPU
		{ECAAC529-3131-4303-A192-01AE686ED248}.Debug|Any CPU.Build.0 = Debug|Any CPU
		{ECAAC529-3131-4303-A192-01AE686ED248}.Release|Any CPU.ActiveCfg = Release|Any CPU
		{ECAAC529-3131-4303-A192-01AE686ED248}.Release|Any CPU.Build.0 = Release|Any CPU
		{69BB462C-6448-4145-A89E-0418B858766C}.Debug|Any CPU.ActiveCfg = Debug|Any CPU
		{69BB462C-6448-4145-A89E-0418B858766C}.Debug|Any CPU.Build.0 = Debug|Any CPU
		{69BB462C-6448-4145-A89E-0418B858766C}.Release|Any CPU.ActiveCfg = Release|Any CPU
		{69BB462C-6448-4145-A89E-0418B858766C}.Release|Any CPU.Build.0 = Release|Any CPU
		{9EEA28D0-D5BE-4444-8B14-BD97C4C7C15E}.Debug|Any CPU.ActiveCfg = Debug|Any CPU
		{9EEA28D0-D5BE-4444-8B14-BD97C4C7C15E}.Debug|Any CPU.Build.0 = Debug|Any CPU
		{9EEA28D0-D5BE-4444-8B14-BD97C4C7C15E}.Release|Any CPU.ActiveCfg = Release|Any CPU
		{9EEA28D0-D5BE-4444-8B14-BD97C4C7C15E}.Release|Any CPU.Build.0 = Release|Any CPU
		{5C62ED41-4A63-4612-80B0-AC3B05C7FD1A}.Debug|Any CPU.ActiveCfg = Debug|Any CPU
		{5C62ED41-4A63-4612-80B0-AC3B05C7FD1A}.Debug|Any CPU.Build.0 = Debug|Any CPU
		{5C62ED41-4A63-4612-80B0-AC3B05C7FD1A}.Release|Any CPU.ActiveCfg = Release|Any CPU
		{5C62ED41-4A63-4612-80B0-AC3B05C7FD1A}.Release|Any CPU.Build.0 = Release|Any CPU
		{BAA3861F-3E86-404B-98C8-063D23FB77CD}.Debug|Any CPU.ActiveCfg = Debug|Any CPU
		{BAA3861F-3E86-404B-98C8-063D23FB77CD}.Debug|Any CPU.Build.0 = Debug|Any CPU
		{BAA3861F-3E86-404B-98C8-063D23FB77CD}.Release|Any CPU.ActiveCfg = Release|Any CPU
		{BAA3861F-3E86-404B-98C8-063D23FB77CD}.Release|Any CPU.Build.0 = Release|Any CPU
		{48E189D8-68D4-4EE4-846D-1D719ECE15BE}.Debug|Any CPU.ActiveCfg = Debug|Any CPU
		{48E189D8-68D4-4EE4-846D-1D719ECE15BE}.Debug|Any CPU.Build.0 = Debug|Any CPU
		{48E189D8-68D4-4EE4-846D-1D719ECE15BE}.Release|Any CPU.ActiveCfg = Release|Any CPU
		{48E189D8-68D4-4EE4-846D-1D719ECE15BE}.Release|Any CPU.Build.0 = Release|Any CPU
		{FD4F6449-03EE-484B-956B-639540189499}.Debug|Any CPU.ActiveCfg = Debug|Any CPU
		{FD4F6449-03EE-484B-956B-639540189499}.Debug|Any CPU.Build.0 = Debug|Any CPU
		{FD4F6449-03EE-484B-956B-639540189499}.Release|Any CPU.ActiveCfg = Release|Any CPU
		{FD4F6449-03EE-484B-956B-639540189499}.Release|Any CPU.Build.0 = Release|Any CPU
		{847DAEA8-607F-49E1-BEEC-8DAA1D64301F}.Debug|Any CPU.ActiveCfg = Debug|Any CPU
		{847DAEA8-607F-49E1-BEEC-8DAA1D64301F}.Debug|Any CPU.Build.0 = Debug|Any CPU
		{847DAEA8-607F-49E1-BEEC-8DAA1D64301F}.Release|Any CPU.ActiveCfg = Release|Any CPU
		{847DAEA8-607F-49E1-BEEC-8DAA1D64301F}.Release|Any CPU.Build.0 = Release|Any CPU
		{0EFFA859-5A63-4344-9698-1D0592881043}.Debug|Any CPU.ActiveCfg = Debug|Any CPU
		{0EFFA859-5A63-4344-9698-1D0592881043}.Debug|Any CPU.Build.0 = Debug|Any CPU
		{0EFFA859-5A63-4344-9698-1D0592881043}.Release|Any CPU.ActiveCfg = Release|Any CPU
		{0EFFA859-5A63-4344-9698-1D0592881043}.Release|Any CPU.Build.0 = Release|Any CPU
		{8BDF8602-B987-4894-98C6-79BEB2FE9A7F}.Debug|Any CPU.ActiveCfg = Debug|Any CPU
		{8BDF8602-B987-4894-98C6-79BEB2FE9A7F}.Debug|Any CPU.Build.0 = Debug|Any CPU
		{8BDF8602-B987-4894-98C6-79BEB2FE9A7F}.Release|Any CPU.ActiveCfg = Release|Any CPU
		{8BDF8602-B987-4894-98C6-79BEB2FE9A7F}.Release|Any CPU.Build.0 = Release|Any CPU
		{E653AB5D-DBEA-47BC-A3FC-817546E5D097}.Debug|Any CPU.ActiveCfg = Debug|Any CPU
		{E653AB5D-DBEA-47BC-A3FC-817546E5D097}.Debug|Any CPU.Build.0 = Debug|Any CPU
		{E653AB5D-DBEA-47BC-A3FC-817546E5D097}.Release|Any CPU.ActiveCfg = Release|Any CPU
		{E653AB5D-DBEA-47BC-A3FC-817546E5D097}.Release|Any CPU.Build.0 = Release|Any CPU
	EndGlobalSection
	GlobalSection(SolutionProperties) = preSolution
		HideSolutionNode = FALSE
	EndGlobalSection
	GlobalSection(NestedProjects) = preSolution
		{44987843-C2B5-4B27-B0D1-8199CA99FEAF} = {02EA681E-C7D8-13C7-8484-4AC65E1B71E8}
		{221ADAE5-1EF0-4D6A-8443-4144E32A477B} = {02EA681E-C7D8-13C7-8484-4AC65E1B71E8}
		{03439D8D-EB86-4557-8883-20796B4FC636} = {02EA681E-C7D8-13C7-8484-4AC65E1B71E8}
		{349F31B2-2656-4B55-9E0B-AB6393DEF52C} = {C61A9DB6-6BB4-4CE6-A04D-D76D7516B3EE}
		{7B2E82A9-0FEA-4FA9-B789-79B727C24C5A} = {C61A9DB6-6BB4-4CE6-A04D-D76D7516B3EE}
		{95FE0578-FE2B-4FBD-B263-C5F47FC1601C} = {39E1111B-2F3D-4196-B936-B6A2084F6EA4}
		{E19C7444-9DD5-4344-BB9B-7ACFAA6102A5} = {39E1111B-2F3D-4196-B936-B6A2084F6EA4}
		{9B13303A-17B9-4A76-A92D-7F605C5280DE} = {39E1111B-2F3D-4196-B936-B6A2084F6EA4}
		{940FB816-5695-47BF-805E-A83C2DDF18F6} = {6CBF1A48-2B9B-44F4-8907-756F1DC500D2}
		{81BC8558-1BAA-458A-849C-6F7310D8B338} = {6CBF1A48-2B9B-44F4-8907-756F1DC500D2}
		{ECAAC529-3131-4303-A192-01AE686ED248} = {6CBF1A48-2B9B-44F4-8907-756F1DC500D2}
		{69BB462C-6448-4145-A89E-0418B858766C} = {C61A9DB6-6BB4-4CE6-A04D-D76D7516B3EE}
		{9EEA28D0-D5BE-4444-8B14-BD97C4C7C15E} = {51E6CDE2-A239-42DE-B62D-003DC734C532}
		{5C62ED41-4A63-4612-80B0-AC3B05C7FD1A} = {51E6CDE2-A239-42DE-B62D-003DC734C532}
		{BAA3861F-3E86-404B-98C8-063D23FB77CD} = {51E6CDE2-A239-42DE-B62D-003DC734C532}
		{48E189D8-68D4-4EE4-846D-1D719ECE15BE} = {2650ED53-D0B2-4E1B-ACBD-9D2E5517466E}
		{FD4F6449-03EE-484B-956B-639540189499} = {2650ED53-D0B2-4E1B-ACBD-9D2E5517466E}
		{847DAEA8-607F-49E1-BEEC-8DAA1D64301F} = {2650ED53-D0B2-4E1B-ACBD-9D2E5517466E}
		{0EFFA859-5A63-4344-9698-1D0592881043} = {D447E352-1B7B-4C34-9A27-21F4D7416BE8}
		{8BDF8602-B987-4894-98C6-79BEB2FE9A7F} = {D447E352-1B7B-4C34-9A27-21F4D7416BE8}
		{E653AB5D-DBEA-47BC-A3FC-817546E5D097} = {D447E352-1B7B-4C34-9A27-21F4D7416BE8}
	EndGlobalSection
	GlobalSection(ExtensibilityGlobals) = postSolution
		SolutionGuid = {2F60F787-021A-4768-B099-58418CCD2C7E}
	EndGlobalSection
EndGlobal
